// !$*UTF8*$!
{
	archiveVersion = 1;
	classes = {
	};
	objectVersion = 46;
	objects = {

/* Begin PBXBuildFile section */
		CCB2421E1CFC9F1C00831821 /* AppDelegate.swift in Sources */ = {isa = PBXBuildFile; fileRef = CCB2421D1CFC9F1C00831821 /* AppDelegate.swift */; };
		CCB242201CFC9F1C00831821 /* ViewController.swift in Sources */ = {isa = PBXBuildFile; fileRef = CCB2421F1CFC9F1C00831821 /* ViewController.swift */; };
		CCB242231CFC9F1C00831821 /* Main.storyboard in Resources */ = {isa = PBXBuildFile; fileRef = CCB242211CFC9F1C00831821 /* Main.storyboard */; };
		CCB242251CFC9F1C00831821 /* Assets.xcassets in Resources */ = {isa = PBXBuildFile; fileRef = CCB242241CFC9F1C00831821 /* Assets.xcassets */; };
		CCB242281CFC9F1C00831821 /* LaunchScreen.storyboard in Resources */ = {isa = PBXBuildFile; fileRef = CCB242261CFC9F1C00831821 /* LaunchScreen.storyboard */; };
/* End PBXBuildFile section */

/* Begin PBXFileReference section */
		CCB2421A1CFC9F1C00831821 /* Programatic Views and Animations.app */ = {isa = PBXFileReference; explicitFileType = wrapper.application; includeInIndex = 0; path = "Programatic Views and Animations.app"; sourceTree = BUILT_PRODUCTS_DIR; };
		CCB2421D1CFC9F1C00831821 /* AppDelegate.swift */ = {isa = PBXFileReference; lastKnownFileType = sourcecode.swift; path = AppDelegate.swift; sourceTree = "<group>"; };
		CCB2421F1CFC9F1C00831821 /* ViewController.swift */ = {isa = PBXFileReference; lastKnownFileType = sourcecode.swift; path = ViewController.swift; sourceTree = "<group>"; };
		CCB242221CFC9F1C00831821 /* Base */ = {isa = PBXFileReference; lastKnownFileType = file.storyboard; name = Base; path = Base.lproj/Main.storyboard; sourceTree = "<group>"; };
		CCB242241CFC9F1C00831821 /* Assets.xcassets */ = {isa = PBXFileReference; lastKnownFileType = folder.assetcatalog; path = Assets.xcassets; sourceTree = "<group>"; };
		CCB242271CFC9F1C00831821 /* Base */ = {isa = PBXFileReference; lastKnownFileType = file.storyboard; name = Base; path = Base.lproj/LaunchScreen.storyboard; sourceTree = "<group>"; };
		CCB242291CFC9F1C00831821 /* Info.plist */ = {isa = PBXFileReference; lastKnownFileType = text.plist.xml; path = Info.plist; sourceTree = "<group>"; };
/* End PBXFileReference section */

/* Begin PBXFrameworksBuildPhase section */
		CCB242171CFC9F1C00831821 /* Frameworks */ = {
			isa = PBXFrameworksBuildPhase;
			buildActionMask = 2147483647;
			files = (
			);
			runOnlyForDeploymentPostprocessing = 0;
		};
/* End PBXFrameworksBuildPhase section */

/* Begin PBXGroup section */
		CCB242111CFC9F1C00831821 = {
			isa = PBXGroup;
			children = (
				CCB2421C1CFC9F1C00831821 /* Programatic Views and Animations */,
				CCB2421B1CFC9F1C00831821 /* Products */,
			);
			sourceTree = "<group>";
		};
		CCB2421B1CFC9F1C00831821 /* Products */ = {
			isa = PBXGroup;
			children = (
				CCB2421A1CFC9F1C00831821 /* Programatic Views and Animations.app */,
			);
			name = Products;
			sourceTree = "<group>";
		};
		CCB2421C1CFC9F1C00831821 /* Programatic Views and Animations */ = {
			isa = PBXGroup;
			children = (
				CCB2421D1CFC9F1C00831821 /* AppDelegate.swift */,
				CCB2421F1CFC9F1C00831821 /* ViewController.swift */,
				CCB242211CFC9F1C00831821 /* Main.storyboard */,
				CCB242241CFC9F1C00831821 /* Assets.xcassets */,
				CCB242261CFC9F1C00831821 /* LaunchScreen.storyboard */,
				CCB242291CFC9F1C00831821 /* Info.plist */,
			);
			path = "Programatic Views and Animations";
			sourceTree = "<group>";
		};
/* End PBXGroup section */

/* Begin PBXNativeTarget section */
		CCB242191CFC9F1C00831821 /* Programatic Views and Animations */ = {
			isa = PBXNativeTarget;
			buildConfigurationList = CCB2422C1CFC9F1C00831821 /* Build configuration list for PBXNativeTarget "Programatic Views and Animations" */;
			buildPhases = (
				CCB242161CFC9F1C00831821 /* Sources */,
				CCB242171CFC9F1C00831821 /* Frameworks */,
				CCB242181CFC9F1C00831821 /* Resources */,
			);
			buildRules = (
			);
			dependencies = (
			);
			name = "Programatic Views and Animations";
			productName = "Programatic Views and Animations";
			productReference = CCB2421A1CFC9F1C00831821 /* Programatic Views and Animations.app */;
			productType = "com.apple.product-type.application";
		};
/* End PBXNativeTarget section */

/* Begin PBXProject section */
		CCB242121CFC9F1C00831821 /* Project object */ = {
			isa = PBXProject;
			attributes = {
				LastSwiftUpdateCheck = 0730;
				LastUpgradeCheck = 0730;
				ORGANIZATIONNAME = "Eva Bresciano";
				TargetAttributes = {
					CCB242191CFC9F1C00831821 = {
						CreatedOnToolsVersion = 7.3;
						DevelopmentTeam = WP96JMRW5V;
					};
				};
			};
			buildConfigurationList = CCB242151CFC9F1C00831821 /* Build configuration list for PBXProject "Programatic Views and Animations" */;
			compatibilityVersion = "Xcode 3.2";
			developmentRegion = English;
			hasScannedForEncodings = 0;
			knownRegions = (
				en,
				Base,
			);
			mainGroup = CCB242111CFC9F1C00831821;
			productRefGroup = CCB2421B1CFC9F1C00831821 /* Products */;
			projectDirPath = "";
			projectRoot = "";
			targets = (
				CCB242191CFC9F1C00831821 /* Programatic Views and Animations */,
			);
		};
/* End PBXProject section */

/* Begin PBXResourcesBuildPhase section */
		CCB242181CFC9F1C00831821 /* Resources */ = {
			isa = PBXResourcesBuildPhase;
			buildActionMask = 2147483647;
			files = (
				CCB242281CFC9F1C00831821 /* LaunchScreen.storyboard in Resources */,
				CCB242251CFC9F1C00831821 /* Assets.xcassets in Resources */,
				CCB242231CFC9F1C00831821 /* Main.storyboard in Resources */,
			);
			runOnlyForDeploymentPostprocessing = 0;
		};
/* End PBXResourcesBuildPhase section */

/* Begin PBXSourcesBuildPhase section */
		CCB242161CFC9F1C00831821 /* Sources */ = {
			isa = PBXSourcesBuildPhase;
			buildActionMask = 2147483647;
			files = (
				CCB242201CFC9F1C00831821 /* ViewController.swift in Sources */,
				CCB2421E1CFC9F1C00831821 /* AppDelegate.swift in Sources */,
			);
			runOnlyForDeploymentPostprocessing = 0;
		};
/* End PBXSourcesBuildPhase section */

/* Begin PBXVariantGroup section */
		CCB242211CFC9F1C00831821 /* Main.storyboard */ = {
			isa = PBXVariantGroup;
			children = (
				CCB242221CFC9F1C00831821 /* Base */,
			);
			name = Main.storyboard;
			sourceTree = "<group>";
		};
		CCB242261CFC9F1C00831821 /* LaunchScreen.storyboard */ = {
			isa = PBXVariantGroup;
			children = (
				CCB242271CFC9F1C00831821 /* Base */,
			);
			name = LaunchScreen.storyboard;
			sourceTree = "<group>";
		};
/* End PBXVariantGroup section */

/* Begin XCBuildConfiguration section */
		CCB2422A1CFC9F1C00831821 /* Debug */ = {
			isa = XCBuildConfiguration;
			buildSettings = {
				ALWAYS_SEARCH_USER_PATHS = NO;
				CLANG_ANALYZER_NONNULL = YES;
				CLANG_CXX_LANGUAGE_STANDARD = "gnu++0x";
				CLANG_CXX_LIBRARY = "libc++";
				CLANG_ENABLE_MODULES = YES;
				CLANG_ENABLE_OBJC_ARC = YES;
				CLANG_WARN_BOOL_CONVERSION = YES;
				CLANG_WARN_CONSTANT_CONVERSION = YES;
				CLANG_WARN_DIRECT_OBJC_ISA_USAGE = YES_ERROR;
				CLANG_WARN_EMPTY_BODY = YES;
				CLANG_WARN_ENUM_CONVERSION = YES;
				CLANG_WARN_INT_CONVERSION = YES;
				CLANG_WARN_OBJC_ROOT_CLASS = YES_ERROR;
				CLANG_WARN_UNREACHABLE_CODE = YES;
				CLANG_WARN__DUPLICATE_METHOD_MATCH = YES;
				"CODE_SIGN_IDENTITY[sdk=iphoneos*]" = "iPhone Developer";
				COPY_PHASE_STRIP = NO;
				DEBUG_INFORMATION_FORMAT = dwarf;
				ENABLE_STRICT_OBJC_MSGSEND = YES;
				ENABLE_TESTABILITY = YES;
				GCC_C_LANGUAGE_STANDARD = gnu99;
				GCC_DYNAMIC_NO_PIC = NO;
				GCC_NO_COMMON_BLOCKS = YES;
				GCC_OPTIMIZATION_LEVEL = 0;
				GCC_PREPROCESSOR_DEFINITIONS = (
					"DEBUG=1",
					"$(inherited)",
				);
				GCC_WARN_64_TO_32_BIT_CONVERSION = YES;
				GCC_WARN_ABOUT_RETURN_TYPE = YES_ERROR;
				GCC_WARN_UNDECLARED_SELECTOR = YES;
				GCC_WARN_UNINITIALIZED_AUTOS = YES_AGGRESSIVE;
				GCC_WARN_UNUSED_FUNCTION = YES;
				GCC_WARN_UNUSED_VARIABLE = YES;
				IPHONEOS_DEPLOYMENT_TARGET = 9.3;
				MTL_ENABLE_DEBUG_INFO = YES;
				ONLY_ACTIVE_ARCH = YES;
				SDKROOT = iphoneos;
				SWIFT_OPTIMIZATION_LEVEL = "-Onone";
				TARGETED_DEVICE_FAMILY = "1,2";
			};
			name = Debug;
		};
		CCB2422B1CFC9F1C00831821 /* Release */ = {
			isa = XCBuildConfiguration;
			buildSettings = {
				ALWAYS_SEARCH_USER_PATHS = NO;
				CLANG_ANALYZER_NONNULL = YES;
				CLANG_CXX_LANGUAGE_STANDARD = "gnu++0x";
				CLANG_CXX_LIBRARY = "libc++";
				CLANG_ENABLE_MODULES = YES;
				CLANG_ENABLE_OBJC_ARC = YES;
				CLANG_WARN_BOOL_CONVERSION = YES;
				CLANG_WARN_CONSTANT_CONVERSION = YES;
				CLANG_WARN_DIRECT_OBJC_ISA_USAGE = YES_ERROR;
				CLANG_WARN_EMPTY_BODY = YES;
				CLANG_WARN_ENUM_CONVERSION = YES;
				CLANG_WARN_INT_CONVERSION = YES;
				CLANG_WARN_OBJC_ROOT_CLASS = YES_ERROR;
				CLANG_WARN_UNREACHABLE_CODE = YES;
				CLANG_WARN__DUPLICATE_METHOD_MATCH = YES;
				"CODE_SIGN_IDENTITY[sdk=iphoneos*]" = "iPhone Developer";
				COPY_PHASE_STRIP = NO;
				DEBUG_INFORMATION_FORMAT = "dwarf-with-dsym";
				ENABLE_NS_ASSERTIONS = NO;
				ENABLE_STRICT_OBJC_MSGSEND = YES;
				GCC_C_LANGUAGE_STANDARD = gnu99;
				GCC_NO_COMMON_BLOCKS = YES;
				GCC_WARN_64_TO_32_BIT_CONVERSION = YES;
				GCC_WARN_ABOUT_RETURN_TYPE = YES_ERROR;
				GCC_WARN_UNDECLARED_SELECTOR = YES;
				GCC_WARN_UNINITIALIZED_AUTOS = YES_AGGRESSIVE;
				GCC_WARN_UNUSED_FUNCTION = YES;
				GCC_WARN_UNUSED_VARIABLE = YES;
				IPHONEOS_DEPLOYMENT_TARGET = 9.3;
				MTL_ENABLE_DEBUG_INFO = NO;
				SDKROOT = iphoneos;
				TARGETED_DEVICE_FAMILY = "1,2";
				VALIDATE_PRODUCT = YES;
			};
			name = Release;
		};
		CCB2422D1CFC9F1C00831821 /* Debug */ = {
			isa = XCBuildConfiguration;
			buildSettings = {
				ASSETCATALOG_COMPILER_APPICON_NAME = AppIcon;
				INFOPLIST_FILE = "Programatic Views and Animations/Info.plist";
				LD_RUNPATH_SEARCH_PATHS = "$(inherited) @executable_path/Frameworks";
				PRODUCT_BUNDLE_IDENTIFIER = "com.example..Programatic-Views-and-Animations";
				PRODUCT_NAME = "$(TARGET_NAME)";
			};
			name = Debug;
		};
		CCB2422E1CFC9F1C00831821 /* Release */ = {
			isa = XCBuildConfiguration;
			buildSettings = {
				ASSETCATALOG_COMPILER_APPICON_NAME = AppIcon;
				INFOPLIST_FILE = "Programatic Views and Animations/Info.plist";
				LD_RUNPATH_SEARCH_PATHS = "$(inherited) @executable_path/Frameworks";
				PRODUCT_BUNDLE_IDENTIFIER = "com.example..Programatic-Views-and-Animations";
				PRODUCT_NAME = "$(TARGET_NAME)";
			};
			name = Release;
		};
/* End XCBuildConfiguration section */

/* Begin XCConfigurationList section */
		CCB242151CFC9F1C00831821 /* Build configuration list for PBXProject "Programatic Views and Animations" */ = {
			isa = XCConfigurationList;
			buildConfigurations = (
				CCB2422A1CFC9F1C00831821 /* Debug */,
				CCB2422B1CFC9F1C00831821 /* Release */,
			);
			defaultConfigurationIsVisible = 0;
			defaultConfigurationName = Release;
		};
		CCB2422C1CFC9F1C00831821 /* Build configuration list for PBXNativeTarget "Programatic Views and Animations" */ = {
			isa = XCConfigurationList;
			buildConfigurations = (
				CCB2422D1CFC9F1C00831821 /* Debug */,
				CCB2422E1CFC9F1C00831821 /* Release */,
			);
			defaultConfigurationIsVisible = 0;
		};
/* End XCConfigurationList section */
	};
	rootObject = CCB242121CFC9F1C00831821 /* Project object */;
}
